{
  "name": "bin",
  "version": "1.0.0",
  "lockfileVersion": 1,
  "requires": true,
  "dependencies": {
    "ajv": {
      "version": "4.11.5",
      "resolved": "https://registry.npmjs.org/ajv/-/ajv-4.11.5.tgz",
      "integrity": "sha1-tu50ZXuZOgHc5Et5RNVvSFgo1b0=",
      "requires": {
        "co": "^4.6.0",
        "json-stable-stringify": "^1.0.1"
      }
    },
    "asn1": {
      "version": "0.2.3",
      "resolved": "https://registry.npmjs.org/asn1/-/asn1-0.2.3.tgz",
      "integrity": "sha1-2sh4dxPJlmhJ/IGAd36+nB3fO4Y="
    },
    "assert-plus": {
      "version": "0.2.0",
      "resolved": "https://registry.npmjs.org/assert-plus/-/assert-plus-0.2.0.tgz",
      "integrity": "sha1-104bh+ev/A24qttwIfP+SBAasjQ="
    },
    "async": {
      "version": "2.0.0-rc.3",
      "resolved": "https://npm.4pax.com/async/-/async-2.0.0-rc.3.tgz",
      "integrity": "sha1-H64RYFlN1H2+VDHUcm1msQ83TYk=",
      "requires": {
        "lodash": "^4.3.0"
      },
      "dependencies": {
        "lodash": {
          "version": "4.11.1",
          "resolved": "https://registry.npmjs.org/lodash/-/lodash-4.11.1.tgz",
          "integrity": "sha1-oyEG644uyOgsJBYRQUdzyd8V+Lw="
        }
      }
    },
    "asynckit": {
      "version": "0.4.0",
      "resolved": "https://registry.npmjs.org/asynckit/-/asynckit-0.4.0.tgz",
      "integrity": "sha1-x57Zf380y48robyXkLzDZkdLS3k="
    },
    "aws-sign2": {
      "version": "0.6.0",
      "resolved": "https://registry.npmjs.org/aws-sign2/-/aws-sign2-0.6.0.tgz",
      "integrity": "sha1-FDQt0428yU0OW4fXY81jYSwOeU8="
    },
    "aws4": {
      "version": "1.6.0",
      "resolved": "https://registry.npmjs.org/aws4/-/aws4-1.6.0.tgz",
      "integrity": "sha1-g+9cqGCysy5KDe7e6MdxudtXRx4="
    },
    "bcrypt-pbkdf": {
      "version": "1.0.1",
      "resolved": "https://registry.npmjs.org/bcrypt-pbkdf/-/bcrypt-pbkdf-1.0.1.tgz",
      "integrity": "sha1-Y7xdy2EzG5K8Bf1SiVPDNGKgb40=",
      "optional": true,
      "requires": {
        "tweetnacl": "^0.14.3"
      }
    },
    "bluebird": {
      "version": "3.5.0",
      "resolved": "https://registry.npmjs.org/bluebird/-/bluebird-3.5.0.tgz",
      "integrity": "sha1-eRQg1/VR7qKJdFOop3ZT+WYG1nw="
    },
    "boom": {
      "version": "2.10.1",
      "resolved": "https://registry.npmjs.org/boom/-/boom-2.10.1.tgz",
      "integrity": "sha1-OciRjO/1eZ+D+UkqhI9iWt0Mdm8=",
      "requires": {
        "hoek": "2.x.x"
      }
    },
    "browser-request": {
      "version": "0.3.3",
      "resolved": "https://registry.npmjs.org/browser-request/-/browser-request-0.3.3.tgz",
      "integrity": "sha512-YyNI4qJJ+piQG6MMEuo7J3Bzaqssufx04zpEKYfSrl/1Op59HWali9zMtBpXnkmqMcOuWJPZvudrm9wISmnCbg=="
    },
    "caseless": {
      "version": "0.12.0",
      "resolved": "https://registry.npmjs.org/caseless/-/caseless-0.12.0.tgz",
      "integrity": "sha1-G2gcIf+EAzyCZUMJBolCDRhxUdw="
    },
    "cloudant-follow": {
      "version": "0.17.0",
      "resolved": "https://registry.npmjs.org/cloudant-follow/-/cloudant-follow-0.17.0.tgz",
      "integrity": "sha512-JQ1xvKAHh8rsnSVBjATLCjz/vQw1sWBGadxr2H69yFMwD7hShUGDwwEefdypaxroUJ/w6t1cSwilp/hRUxEW8w==",
      "requires": {
        "browser-request": "~0.3.0",
        "debug": "^3.0.0",
        "request": "^2.83.0"
      },
      "dependencies": {
        "ajv": {
          "version": "6.12.6",
          "resolved": "https://registry.npmjs.org/ajv/-/ajv-6.12.6.tgz",
          "integrity": "sha512-j3fVLgvTo527anyYyJOGTYJbG+vnnQYvE0m5mmkc1TK+nxAppkCLMIL0aZ4dblVCNoGShhm+kzE4ZUykBoMg4g==",
          "requires": {
            "fast-deep-equal": "^3.1.1",
            "fast-json-stable-stringify": "^2.0.0",
            "json-schema-traverse": "^0.4.1",
            "uri-js": "^4.2.2"
          }
        },
        "assert-plus": {
          "version": "1.0.0",
          "resolved": "https://registry.npmjs.org/assert-plus/-/assert-plus-1.0.0.tgz",
          "integrity": "sha512-NfJ4UzBCcQGLDlQq7nHxH+tv3kyZ0hHQqF5BO6J7tNJeP5do1llPr8dZ8zHonfhAu0PHAdMkSo+8o0wxg9lZWw=="
        },
        "aws-sign2": {
          "version": "0.7.0",
          "resolved": "https://registry.npmjs.org/aws-sign2/-/aws-sign2-0.7.0.tgz",
          "integrity": "sha512-08kcGqnYf/YmjoRhfxyu+CLxBjUtHLXLXX/vUfx9l2LYzG3c1m61nrpyFUZI6zeS+Li/wWMMidD9KgrqtGq3mA=="
        },
        "aws4": {
          "version": "1.11.0",
          "resolved": "https://registry.npmjs.org/aws4/-/aws4-1.11.0.tgz",
          "integrity": "sha512-xh1Rl34h6Fi1DC2WWKfxUTVqRsNnr6LsKz2+hfwDxQJWmrx8+c7ylaqBMcHfl1U1r2dsifOvKX3LQuLNZ+XSvA=="
        },
        "combined-stream": {
          "version": "1.0.8",
          "resolved": "https://registry.npmjs.org/combined-stream/-/combined-stream-1.0.8.tgz",
          "integrity": "sha512-FQN4MRfuJeHf7cBbBMJFXhKSDq+2kAArBlmRBvcvFE5BB1HZKXtSFASDhdlz9zOYwxh8lDdnvmMOe/+5cdoEdg==",
          "requires": {
            "delayed-stream": "~1.0.0"
          }
        },
        "debug": {
          "version": "3.2.7",
          "resolved": "https://registry.npmjs.org/debug/-/debug-3.2.7.tgz",
          "integrity": "sha512-CFjzYYAi4ThfiQvizrFQevTTXHtnCqWfe7x1AhgEscTz6ZbLbfoLRLPugTQyBth6f8ZERVUSyWHFD/7Wu4t1XQ==",
          "requires": {
            "ms": "^2.1.1"
          }
        },
        "extend": {
          "version": "3.0.2",
          "resolved": "https://registry.npmjs.org/extend/-/extend-3.0.2.tgz",
          "integrity": "sha512-fjquC59cD7CyW6urNXK0FBufkZcoiGG80wTuPujX590cB5Ttln20E2UB4S/WARVqhXffZl2LNgS+gQdPIIim/g=="
        },
        "form-data": {
          "version": "2.3.3",
          "resolved": "https://registry.npmjs.org/form-data/-/form-data-2.3.3.tgz",
          "integrity": "sha512-1lLKB2Mu3aGP1Q/2eCOx0fNbRMe7XdwktwOruhfqqd0rIJWwN4Dh+E3hrPSlDCXnSR7UtZ1N38rVXm+6+MEhJQ==",
          "requires": {
            "asynckit": "^0.4.0",
            "combined-stream": "^1.0.6",
            "mime-types": "^2.1.12"
          }
        },
        "har-schema": {
          "version": "2.0.0",
          "resolved": "https://registry.npmjs.org/har-schema/-/har-schema-2.0.0.tgz",
          "integrity": "sha512-Oqluz6zhGX8cyRaTQlFMPw80bSJVG2x/cFb8ZPhUILGgHka9SsokCCOQgpveePerqidZOrT14ipqfJb7ILcW5Q=="
        },
        "har-validator": {
          "version": "5.1.5",
          "resolved": "https://registry.npmjs.org/har-validator/-/har-validator-5.1.5.tgz",
          "integrity": "sha512-nmT2T0lljbxdQZfspsno9hgrG3Uir6Ks5afism62poxqBM6sDnMEuPmzTq8XN0OEwqKLLdh1jQI3qyE66Nzb3w==",
          "requires": {
            "ajv": "^6.12.3",
            "har-schema": "^2.0.0"
          }
        },
        "http-signature": {
          "version": "1.2.0",
          "resolved": "https://registry.npmjs.org/http-signature/-/http-signature-1.2.0.tgz",
          "integrity": "sha512-CAbnr6Rz4CYQkLYUtSNXxQPUH2gK8f3iWexVlsnMeD+GjlsQ0Xsy1cOX+mN3dtxYomRy21CiOzU8Uhw6OwncEQ==",
          "requires": {
            "assert-plus": "^1.0.0",
            "jsprim": "^1.2.2",
            "sshpk": "^1.7.0"
          }
        },
        "mime-db": {
          "version": "1.52.0",
          "resolved": "https://registry.npmjs.org/mime-db/-/mime-db-1.52.0.tgz",
          "integrity": "sha512-sPU4uV7dYlvtWJxwwxHD0PuihVNiE7TyAbQ5SWxDCB9mUYvOgroQOwYQQOKPJ8CIbE+1ETVlOoK1UC2nU3gYvg=="
        },
        "mime-types": {
          "version": "2.1.35",
          "resolved": "https://registry.npmjs.org/mime-types/-/mime-types-2.1.35.tgz",
          "integrity": "sha512-ZDY+bPm5zTTF+YpCrAU9nK0UgICYPT0QtT1NZWFv4s++TNkcgVaT0g6+4R2uI4MjQjzysHB1zxuWL50hzaeXiw==",
          "requires": {
            "mime-db": "1.52.0"
          }
        },
        "ms": {
          "version": "2.1.3",
          "resolved": "https://registry.npmjs.org/ms/-/ms-2.1.3.tgz",
          "integrity": "sha512-6FlzubTLZG3J2a/NVCAleEhjzq5oxgHyaCU9yYXvcLsvoVaHJq/s5xXI6/XXP6tz7R9xAOtHnSO/tXtF3WRTlA=="
        },
        "oauth-sign": {
          "version": "0.9.0",
          "resolved": "https://registry.npmjs.org/oauth-sign/-/oauth-sign-0.9.0.tgz",
          "integrity": "sha512-fexhUFFPTGV8ybAtSIGbV6gOkSv8UtRbDBnAyLQw4QPKkgNlsH2ByPGtMUqdWkos6YCRmAqViwgZrJc/mRDzZQ=="
        },
        "performance-now": {
          "version": "2.1.0",
          "resolved": "https://registry.npmjs.org/performance-now/-/performance-now-2.1.0.tgz",
          "integrity": "sha512-7EAHlyLHI56VEIdK57uwHdHKIaAGbnXPiw0yWbarQZOKaKpvUIgW0jWRVLiatnM+XXlSwsanIBH/hzGMJulMow=="
        },
        "punycode": {
          "version": "2.1.1",
          "resolved": "https://registry.npmjs.org/punycode/-/punycode-2.1.1.tgz",
          "integrity": "sha512-XRsRjdf+j5ml+y/6GKHPZbrF/8p2Yga0JPtdqTIY2Xe5ohJPD9saDJJLPvp9+NSBprVvevdXZybnj2cv8OEd0A=="
        },
        "qs": {
          "version": "6.5.3",
          "resolved": "https://registry.npmjs.org/qs/-/qs-6.5.3.tgz",
          "integrity": "sha512-qxXIEh4pCGfHICj1mAJQ2/2XVZkjCDTcEgfoSQxc/fYivUZxTkk7L3bDBJSoNrEzXI17oUO5Dp07ktqE5KzczA=="
        },
        "request": {
          "version": "2.88.2",
          "resolved": "https://registry.npmjs.org/request/-/request-2.88.2.tgz",
          "integrity": "sha512-MsvtOrfG9ZcrOwAW+Qi+F6HbD0CWXEh9ou77uOb7FM2WPhwT7smM833PzanhJLsgXjN89Ir6V2PczXNnMpwKhw==",
          "requires": {
            "aws-sign2": "~0.7.0",
            "aws4": "^1.8.0",
            "caseless": "~0.12.0",
            "combined-stream": "~1.0.6",
            "extend": "~3.0.2",
            "forever-agent": "~0.6.1",
            "form-data": "~2.3.2",
            "har-validator": "~5.1.3",
            "http-signature": "~1.2.0",
            "is-typedarray": "~1.0.0",
            "isstream": "~0.1.2",
            "json-stringify-safe": "~5.0.1",
            "mime-types": "~2.1.19",
            "oauth-sign": "~0.9.0",
            "performance-now": "^2.1.0",
            "qs": "~6.5.2",
            "safe-buffer": "^5.1.2",
            "tough-cookie": "~2.5.0",
            "tunnel-agent": "^0.6.0",
            "uuid": "^3.3.2"
          }
        },
        "safe-buffer": {
          "version": "5.2.1",
          "resolved": "https://registry.npmjs.org/safe-buffer/-/safe-buffer-5.2.1.tgz",
          "integrity": "sha512-rp3So07KcdmmKbGvgaNxQSJr7bGVSVk5S9Eq1F+ppbRo70+YeaDxkw5Dd8NPN+GD6bjnYm2VuPuCXmpuYvmCXQ=="
        },
        "tough-cookie": {
          "version": "2.5.0",
          "resolved": "https://registry.npmjs.org/tough-cookie/-/tough-cookie-2.5.0.tgz",
          "integrity": "sha512-nlLsUzgm1kfLXSXfRZMc1KLAugd4hqJHDTvc2hDIwS3mZAfMEuMbc03SujMF+GEcpaX/qboeycw6iO8JwVv2+g==",
          "requires": {
            "psl": "^1.1.28",
            "punycode": "^2.1.1"
          }
        }
      }
    },
    "co": {
      "version": "4.6.0",
      "resolved": "https://registry.npmjs.org/co/-/co-4.6.0.tgz",
      "integrity": "sha1-bqa989hTrlTMuOR7+gvz+QMfsYQ="
    },
    "combined-stream": {
      "version": "1.0.5",
      "resolved": "https://registry.npmjs.org/combined-stream/-/combined-stream-1.0.5.tgz",
      "integrity": "sha1-k4NwpXtKUd6ix3wV1cX9+JUWQAk=",
      "requires": {
        "delayed-stream": "~1.0.0"
      }
    },
    "cradle": {
      "version": "0.7.1",
      "resolved": "https://npm.4pax.com/cradle/-/cradle-0.7.1.tgz",
      "integrity": "sha1-TAs1Sq37fUriqPXNu/1jo0UGEEQ=",
      "requires": {
        "follow": "0.11.x",
        "request": "2.x.x",
        "vargs": "0.1.0"
      },
      "dependencies": {
        "follow": {
          "version": "0.11.4",
          "resolved": "https://registry.npmjs.org/follow/-/follow-0.11.4.tgz",
          "integrity": "sha1-h+mlDUQ/kh0FcE66xBKhSrnZIy8=",
          "requires": {
            "browser-request": "~0.3.0",
            "debug": "~0.7.2",
            "request": "^2.44.0"
          },
          "dependencies": {
            "browser-request": {
              "version": "0.3.3",
              "resolved": "https://registry.npmjs.org/browser-request/-/browser-request-0.3.3.tgz",
              "integrity": "sha1-ns5bWsqJopkyJC4Yv5M975h2zBc="
            },
            "debug": {
              "version": "0.7.4",
              "resolved": "https://registry.npmjs.org/debug/-/debug-0.7.4.tgz",
              "integrity": "sha1-BuHqgILCyxTjmAbiLi9vdX+Srzk="
            }
          }
        },
        "vargs": {
          "version": "0.1.0",
          "resolved": "https://npm.4pax.com/vargs/-/vargs-0.1.0.tgz",
          "integrity": "sha1-a2GE2mUgzDIEzhtAfKwm2SYJ6/8="
        }
      }
    },
    "cryptiles": {
      "version": "2.0.5",
      "resolved": "https://registry.npmjs.org/cryptiles/-/cryptiles-2.0.5.tgz",
      "integrity": "sha1-O9/s3GCBR8HGcgL6KR59ylnqo7g=",
      "requires": {
        "boom": "2.x.x"
      }
    },
    "dashdash": {
      "version": "1.14.1",
      "resolved": "https://npm.4pax.com/dashdash/-/dashdash-1.14.1.tgz",
      "integrity": "sha1-hTz6D3y+L+1d4gMmuN1YEDX24vA=",
      "requires": {
        "assert-plus": "^1.0.0"
      },
      "dependencies": {
        "assert-plus": {
          "version": "1.0.0",
          "resolved": "https://registry.npmjs.org/assert-plus/-/assert-plus-1.0.0.tgz",
          "integrity": "sha1-8S4PPF13sLHN2RRpQuTpbB5N1SU="
        }
      }
    },
    "debug": {
      "version": "2.6.3",
      "resolved": "https://registry.npmjs.org/debug/-/debug-2.6.3.tgz",
      "integrity": "sha1-D364wwll7AjHKsz6ATDIt5mEFB0=",
      "requires": {
        "ms": "0.7.2"
      }
    },
    "deep-extend": {
      "version": "0.6.0",
      "resolved": "https://registry.npmjs.org/deep-extend/-/deep-extend-0.6.0.tgz",
      "integrity": "sha512-LOHxIOaPYdHlJRtCQfDIVZtfw/ufM8+rVj649RIHzcm/vGwQRXFt6OPqIFWsm2XEMrNIEtWR64sY1LEKD2vAOA=="
    },
    "delayed-stream": {
      "version": "1.0.0",
      "resolved": "https://registry.npmjs.org/delayed-stream/-/delayed-stream-1.0.0.tgz",
      "integrity": "sha1-3zrhmayt+31ECqrgsp4icrJOxhk="
    },
    "ecc-jsbn": {
      "version": "0.1.1",
      "resolved": "https://registry.npmjs.org/ecc-jsbn/-/ecc-jsbn-0.1.1.tgz",
      "integrity": "sha1-D8c6ntXw1Tw4GTOYUj735UN3dQU=",
      "optional": true,
      "requires": {
        "jsbn": "~0.1.0"
      }
    },
    "errs": {
      "version": "0.3.2",
      "resolved": "https://registry.npmjs.org/errs/-/errs-0.3.2.tgz",
      "integrity": "sha512-r+/tydov04FSwTi+PrGd0IdY195Y1jZW2g27TJ+cErU8vvr9V4hHYxtRF8bMjv4zYEhap7wK7zBQ2i99LRo6kA=="
    },
    "exec-sync": {
      "version": "0.1.6",
      "resolved": "https://registry.npmjs.org/exec-sync/-/exec-sync-0.1.6.tgz",
      "integrity": "sha1-gXodSmtbKCDXLXU2yhZ7K+5yWbA=",
      "requires": {
        "ffi": "=1.2.5"
      },
      "dependencies": {
        "ffi": {
          "version": "1.2.5",
          "resolved": "https://registry.npmjs.org/ffi/-/ffi-1.2.5.tgz",
          "integrity": "sha1-+yuzKNQKOW1ZIsNOBD5x0vEqDi0=",
          "requires": {
            "bindings": "*",
            "debug": "*",
            "ref": "*",
            "ref-struct": "*"
          },
          "dependencies": {
            "bindings": {
              "version": "1.2.1",
              "resolved": "https://registry.npmjs.org/bindings/-/bindings-1.2.1.tgz",
              "integrity": "sha1-FK1hE4EtLTfXLme0ystLtyZQXxE="
            },
            "debug": {
              "version": "2.2.0",
              "resolved": "https://registry.npmjs.org/debug/-/debug-2.2.0.tgz",
              "integrity": "sha1-+HBX6ZWxofauaklgZkE3vFbwOdo=",
              "requires": {
                "ms": "0.7.1"
              },
              "dependencies": {
                "ms": {
                  "version": "0.7.1",
                  "resolved": "https://registry.npmjs.org/ms/-/ms-0.7.1.tgz",
                  "integrity": "sha1-nNE8A62/8ltl7/3nzoZO6VIBcJg="
                }
              }
            },
            "ref": {
              "version": "1.3.2",
              "resolved": "https://registry.npmjs.org/ref/-/ref-1.3.2.tgz",
              "integrity": "sha1-9QDyK+c/3NYyZo53lTCc8Ij9BtY=",
              "requires": {
                "bindings": "1",
                "debug": "2",
                "nan": "2"
              },
              "dependencies": {
                "nan": {
                  "version": "2.3.5",
                  "resolved": "https://registry.npmjs.org/nan/-/nan-2.3.5.tgz",
                  "integrity": "sha1-gioNwmYpDOTNOhIoLKPn42Rmigg="
                }
              }
            },
            "ref-struct": {
              "version": "1.0.2",
              "resolved": "https://registry.npmjs.org/ref-struct/-/ref-struct-1.0.2.tgz",
              "integrity": "sha1-bjfK+i219fLdr1rouvztPiRsvJA=",
              "requires": {
                "debug": "2",
                "ref": "1"
              }
            }
          }
        }
      }
    },
    "extend": {
      "version": "3.0.0",
      "resolved": "https://registry.npmjs.org/extend/-/extend-3.0.0.tgz",
      "integrity": "sha1-WkdDU7nzNT3dgXbf03uRyDpG8dQ="
    },
    "extsprintf": {
      "version": "1.0.2",
      "resolved": "https://npm.4pax.com/extsprintf/-/extsprintf-1.0.2.tgz",
      "integrity": "sha1-4QgOBljjALBilJkMxw4VAiNf1VA="
    },
    "fast-deep-equal": {
      "version": "3.1.3",
      "resolved": "https://registry.npmjs.org/fast-deep-equal/-/fast-deep-equal-3.1.3.tgz",
      "integrity": "sha512-f3qQ9oQy9j2AhBe/H9VC91wLmKBCCU/gDOnKNAYG5hswO7BLKj09Hc5HYNz9cGI++xlpDCIgDaitVs03ATR84Q=="
    },
    "fast-json-stable-stringify": {
      "version": "2.1.0",
      "resolved": "https://registry.npmjs.org/fast-json-stable-stringify/-/fast-json-stable-stringify-2.1.0.tgz",
      "integrity": "sha512-lhd/wF+Lk98HZoTCtlVraHtfh5XYijIjalXck7saUtuanSDyLMxnHhSXEDJqHxD7msR8D0uCmqlkwjCV8xvwHw=="
    },
    "forever-agent": {
      "version": "0.6.1",
      "resolved": "https://registry.npmjs.org/forever-agent/-/forever-agent-0.6.1.tgz",
      "integrity": "sha1-+8cfDEGt6zf5bFd60e1C2P2sypE="
    },
    "form-data": {
      "version": "2.1.2",
      "resolved": "https://registry.npmjs.org/form-data/-/form-data-2.1.2.tgz",
      "integrity": "sha1-icNTQAi5fq2ky7FX1Y9vXfAl6uQ=",
      "requires": {
        "asynckit": "^0.4.0",
        "combined-stream": "^1.0.5",
        "mime-types": "^2.1.12"
      }
    },
    "getpass": {
      "version": "0.1.6",
      "resolved": "https://registry.npmjs.org/getpass/-/getpass-0.1.6.tgz",
      "integrity": "sha1-KD/9n8ElaECHUxHBtg6MQBhxEOY=",
      "requires": {
        "assert-plus": "^1.0.0"
      },
      "dependencies": {
        "assert-plus": {
          "version": "1.0.0",
          "resolved": "https://registry.npmjs.org/assert-plus/-/assert-plus-1.0.0.tgz",
          "integrity": "sha1-8S4PPF13sLHN2RRpQuTpbB5N1SU="
        }
      }
    },
    "har-schema": {
      "version": "1.0.5",
      "resolved": "https://registry.npmjs.org/har-schema/-/har-schema-1.0.5.tgz",
      "integrity": "sha1-0mMTX0MwfALGAq/I/pWXDAFRNp4="
    },
    "har-validator": {
      "version": "4.2.1",
      "resolved": "https://registry.npmjs.org/har-validator/-/har-validator-4.2.1.tgz",
      "integrity": "sha1-M0gdDxu/9gDdID11gSpqX7oALio=",
      "requires": {
        "ajv": "^4.9.1",
        "har-schema": "^1.0.5"
      }
    },
    "hawk": {
      "version": "3.1.3",
      "resolved": "https://registry.npmjs.org/hawk/-/hawk-3.1.3.tgz",
      "integrity": "sha1-B4REvXwWQLD+VA0sm3PVlnjo4cQ=",
      "requires": {
        "boom": "2.x.x",
        "cryptiles": "2.x.x",
        "hoek": "2.x.x",
        "sntp": "1.x.x"
      }
    },
    "hoek": {
      "version": "2.16.3",
      "resolved": "https://registry.npmjs.org/hoek/-/hoek-2.16.3.tgz",
      "integrity": "sha1-ILt0A9POo5jpHcRxCo/xuCdKJe0="
    },
    "http-signature": {
      "version": "1.1.1",
      "resolved": "https://registry.npmjs.org/http-signature/-/http-signature-1.1.1.tgz",
      "integrity": "sha1-33LiZwZs0Kxn+3at+OE0qPvPkb8=",
      "requires": {
        "assert-plus": "^0.2.0",
        "jsprim": "^1.2.2",
        "sshpk": "^1.7.0"
      }
    },
    "ini": {
      "version": "1.3.5",
      "resolved": "https://registry.npmjs.org/ini/-/ini-1.3.5.tgz",
      "integrity": "sha512-RZY5huIKCMRWDUqZlEi72f/lmXKMvuszcMBduliQ3nnWbx9X/ZBQO7DijMEYS9EhHBb2qacRUMtC7svLwe0lcw=="
    },
    "is-typedarray": {
      "version": "1.0.0",
      "resolved": "https://registry.npmjs.org/is-typedarray/-/is-typedarray-1.0.0.tgz",
      "integrity": "sha1-5HnICFjfDBsR3dppQPlgEfzaSpo="
    },
    "isstream": {
      "version": "0.1.2",
      "resolved": "https://registry.npmjs.org/isstream/-/isstream-0.1.2.tgz",
      "integrity": "sha1-R+Y/evVa+m+S4VAOaQ64uFKcCZo="
    },
    "jodid25519": {
      "version": "1.0.2",
      "resolved": "https://registry.npmjs.org/jodid25519/-/jodid25519-1.0.2.tgz",
      "integrity": "sha1-BtSRIlUJNBlHfUJWM2BuDpB4KWc=",
      "optional": true,
      "requires": {
        "jsbn": "~0.1.0"
      }
    },
    "jsbn": {
      "version": "0.1.1",
      "resolved": "https://registry.npmjs.org/jsbn/-/jsbn-0.1.1.tgz",
      "integrity": "sha1-peZUwuWi3rXyAdls77yoDA7y9RM=",
      "optional": true
    },
    "jshint": {
      "version": "2.9.2",
      "resolved": "https://npm.4pax.com/jshint/-/jshint-2.9.2.tgz",
      "integrity": "sha1-CxLXX46vsII7e/jvuyZbMmJAFhk=",
      "requires": {
        "cli": "0.6.x",
        "console-browserify": "1.1.x",
        "exit": "0.1.x",
        "htmlparser2": "3.8.x",
        "lodash": "3.7.x",
        "minimatch": "2.0.x",
        "shelljs": "0.3.x",
        "strip-json-comments": "1.0.x"
      },
      "dependencies": {
        "cli": {
          "version": "0.6.6",
          "resolved": "https://npm.4pax.com/cli/-/cli-0.6.6.tgz",
          "integrity": "sha1-Aq1Eo4Cr8nraxebwzdewQ9dMU+M=",
          "requires": {
            "exit": "0.1.2",
            "glob": "~ 3.2.1"
          },
          "dependencies": {
            "glob": {
              "version": "3.2.11",
              "resolved": "https://registry.npmjs.org/glob/-/glob-3.2.11.tgz",
              "integrity": "sha1-Spc/Y1uRkPcV0QmH1cAP0oFevj0=",
              "requires": {
                "inherits": "2",
                "minimatch": "0.3"
              },
              "dependencies": {
                "inherits": {
                  "version": "2.0.1",
                  "resolved": "https://registry.npmjs.org/inherits/-/inherits-2.0.1.tgz",
                  "integrity": "sha1-sX0I0ya0Qj5Wjv9xn5GwscvfafE="
                },
                "minimatch": {
                  "version": "0.3.0",
                  "resolved": "https://registry.npmjs.org/minimatch/-/minimatch-0.3.0.tgz",
                  "integrity": "sha1-J12O2qxPG7MyZHIInnlJyDlGmd0=",
                  "requires": {
                    "lru-cache": "2",
                    "sigmund": "~1.0.0"
                  },
                  "dependencies": {
                    "lru-cache": {
                      "version": "2.7.3",
                      "resolved": "https://registry.npmjs.org/lru-cache/-/lru-cache-2.7.3.tgz",
                      "integrity": "sha1-bUUk6LlV+V1PW1iFHOId1y+06VI="
                    },
                    "sigmund": {
                      "version": "1.0.1",
                      "resolved": "https://registry.npmjs.org/sigmund/-/sigmund-1.0.1.tgz",
                      "integrity": "sha1-P/IfGYytIXX587eBhT/ZTQ0ZtZA="
                    }
                  }
                }
              }
            }
          }
        },
        "console-browserify": {
          "version": "1.1.0",
          "resolved": "https://registry.npmjs.org/console-browserify/-/console-browserify-1.1.0.tgz",
          "integrity": "sha1-8CQcRXMKn8YyOyBtvzjtx0HQuxA=",
          "requires": {
            "date-now": "^0.1.4"
          },
          "dependencies": {
            "date-now": {
              "version": "0.1.4",
              "resolved": "https://registry.npmjs.org/date-now/-/date-now-0.1.4.tgz",
              "integrity": "sha1-6vQ5/U1ISK105cx9vvIAZyueNFs="
            }
          }
        },
        "exit": {
          "version": "0.1.2",
          "resolved": "https://npm.4pax.com/exit/-/exit-0.1.2.tgz",
          "integrity": "sha1-BjJjj42HfMghB9MKD/8aF8uhzQw="
        },
        "htmlparser2": {
          "version": "3.8.3",
          "resolved": "https://registry.npmjs.org/htmlparser2/-/htmlparser2-3.8.3.tgz",
          "integrity": "sha1-mWwosZFRaovoZQGn15dX5ccMEGg=",
          "requires": {
            "domelementtype": "1",
            "domhandler": "2.3",
            "domutils": "1.5",
            "entities": "1.0",
            "readable-stream": "1.1"
          },
          "dependencies": {
            "domelementtype": {
              "version": "1.3.0",
              "resolved": "https://registry.npmjs.org/domelementtype/-/domelementtype-1.3.0.tgz",
              "integrity": "sha1-sXrtguirWeUt2cGbF1bg/BhyBMI="
            },
            "domhandler": {
              "version": "2.3.0",
              "resolved": "https://registry.npmjs.org/domhandler/-/domhandler-2.3.0.tgz",
              "integrity": "sha1-LeWaCCLVAn+r/28DLCsloqir5zg=",
              "requires": {
                "domelementtype": "1"
              }
            },
            "domutils": {
              "version": "1.5.1",
              "resolved": "https://registry.npmjs.org/domutils/-/domutils-1.5.1.tgz",
              "integrity": "sha1-3NhIiib1Y9YQeeSMn3t+Mjc2gs8=",
              "requires": {
                "dom-serializer": "0",
                "domelementtype": "1"
              },
              "dependencies": {
                "dom-serializer": {
                  "version": "0.1.0",
                  "resolved": "https://registry.npmjs.org/dom-serializer/-/dom-serializer-0.1.0.tgz",
                  "integrity": "sha1-BzxpdUbOB4DOI75KKOKT5AvDDII=",
                  "requires": {
                    "domelementtype": "~1.1.1",
                    "entities": "~1.1.1"
                  },
                  "dependencies": {
                    "domelementtype": {
                      "version": "1.1.3",
                      "resolved": "https://registry.npmjs.org/domelementtype/-/domelementtype-1.1.3.tgz",
                      "integrity": "sha1-vSh3PiZCiBrsUVRJJCmcXNgiGFs="
                    },
                    "entities": {
                      "version": "1.1.1",
                      "resolved": "https://registry.npmjs.org/entities/-/entities-1.1.1.tgz",
                      "integrity": "sha1-blwtClYhtdra7O+AuQ7ftc13cvA="
                    }
                  }
                }
              }
            },
            "entities": {
              "version": "1.0.0",
              "resolved": "https://registry.npmjs.org/entities/-/entities-1.0.0.tgz",
              "integrity": "sha1-sph6o4ITR/zeZCsk/fyeT7cSvyY="
            },
            "readable-stream": {
              "version": "1.1.14",
              "resolved": "https://npm.4pax.com/readable-stream/-/readable-stream-1.1.14.tgz",
              "integrity": "sha1-fPTFTvZI44EwhMY23SB54WbAgdk=",
              "requires": {
                "core-util-is": "~1.0.0",
                "inherits": "~2.0.1",
                "isarray": "0.0.1",
                "string_decoder": "~0.10.x"
              },
              "dependencies": {
                "core-util-is": {
                  "version": "1.0.2",
                  "resolved": "https://registry.npmjs.org/core-util-is/-/core-util-is-1.0.2.tgz",
                  "integrity": "sha1-tf1UIgqivFq1eqtxQMlAdUUDwac="
                },
                "inherits": {
                  "version": "2.0.1",
                  "resolved": "https://registry.npmjs.org/inherits/-/inherits-2.0.1.tgz",
                  "integrity": "sha1-sX0I0ya0Qj5Wjv9xn5GwscvfafE="
                },
                "isarray": {
                  "version": "0.0.1",
                  "resolved": "https://npm.4pax.com/isarray/-/isarray-0.0.1.tgz",
                  "integrity": "sha1-ihis/Kmo9Bd+Cav8YDiTmwXR7t8="
                },
                "string_decoder": {
                  "version": "0.10.31",
                  "resolved": "https://registry.npmjs.org/string_decoder/-/string_decoder-0.10.31.tgz",
                  "integrity": "sha1-YuIDvEF2bGwoyfyEMB2rHFMQ+pQ="
                }
              }
            }
          }
        },
        "lodash": {
          "version": "3.7.0",
          "resolved": "https://npm.4pax.com/lodash/-/lodash-3.7.0.tgz",
          "integrity": "sha1-Nni9irmVBXwHreg27S7wh9qBHUU="
        },
        "minimatch": {
          "version": "2.0.10",
          "resolved": "https://registry.npmjs.org/minimatch/-/minimatch-2.0.10.tgz",
          "integrity": "sha1-jQh8OcazjAAbl/ynzm0OHoCvusc=",
          "requires": {
            "brace-expansion": "^1.0.0"
          },
          "dependencies": {
            "brace-expansion": {
              "version": "1.1.4",
              "resolved": "https://npm.4pax.com/brace-expansion/-/brace-expansion-1.1.4.tgz",
              "integrity": "sha1-RkogTHf0gsCFwqNsRWu/uvtnoSc=",
              "requires": {
                "balanced-match": "^0.4.1",
                "concat-map": "0.0.1"
              },
              "dependencies": {
                "balanced-match": {
                  "version": "0.4.1",
                  "resolved": "https://npm.4pax.com/balanced-match/-/balanced-match-0.4.1.tgz",
                  "integrity": "sha1-GQU+LgdI6ts3nabAnUVc9eEDkzU="
                },
                "concat-map": {
                  "version": "0.0.1",
                  "resolved": "https://npm.4pax.com/concat-map/-/concat-map-0.0.1.tgz",
                  "integrity": "sha1-2Klr13/Wjfd5OnMDajug1UBdR3s="
                }
              }
            }
          }
        },
        "shelljs": {
          "version": "0.3.0",
          "resolved": "https://registry.npmjs.org/shelljs/-/shelljs-0.3.0.tgz",
          "integrity": "sha1-NZbmMHp4FUT1kfN9phg2DzHbV7E="
        },
        "strip-json-comments": {
          "version": "1.0.4",
          "resolved": "https://registry.npmjs.org/strip-json-comments/-/strip-json-comments-1.0.4.tgz",
          "integrity": "sha1-HhX7ysl9Pumb8tc7TGVrCCu6+5E="
        }
      }
    },
    "json-schema": {
      "version": "0.2.3",
      "resolved": "https://registry.npmjs.org/json-schema/-/json-schema-0.2.3.tgz",
      "integrity": "sha1-tIDIkuWaLwWVTOcnvT8qTogvnhM="
    },
    "json-schema-traverse": {
      "version": "0.4.1",
      "resolved": "https://registry.npmjs.org/json-schema-traverse/-/json-schema-traverse-0.4.1.tgz",
      "integrity": "sha512-xbbCH5dCYU5T8LcEhhuh7HJ88HXuW3qsI3Y0zOZFKfZEHcpWiHU/Jxzk629Brsab/mMiHQti9wMP+845RPe3Vg=="
    },
    "json-stable-stringify": {
      "version": "1.0.1",
      "resolved": "https://registry.npmjs.org/json-stable-stringify/-/json-stable-stringify-1.0.1.tgz",
      "integrity": "sha1-mnWdOcXy/1A/1TAGRu1EX4jE+a8=",
      "requires": {
        "jsonify": "~0.0.0"
      }
    },
    "json-stringify-safe": {
      "version": "5.0.1",
      "resolved": "https://registry.npmjs.org/json-stringify-safe/-/json-stringify-safe-5.0.1.tgz",
      "integrity": "sha1-Epai1Y/UXxmg9s4B1lcB4sc1tus="
    },
    "jsonify": {
      "version": "0.0.0",
      "resolved": "https://registry.npmjs.org/jsonify/-/jsonify-0.0.0.tgz",
      "integrity": "sha1-LHS27kHZPKUbe1qu6PUDYx0lKnM="
    },
    "jsprim": {
      "version": "1.4.0",
      "resolved": "https://registry.npmjs.org/jsprim/-/jsprim-1.4.0.tgz",
      "integrity": "sha1-o7h+QCmNjDgFUtjMdiigu5WiKRg=",
      "requires": {
        "assert-plus": "1.0.0",
        "extsprintf": "1.0.2",
        "json-schema": "0.2.3",
        "verror": "1.3.6"
      },
      "dependencies": {
        "assert-plus": {
          "version": "1.0.0",
          "resolved": "https://registry.npmjs.org/assert-plus/-/assert-plus-1.0.0.tgz",
          "integrity": "sha1-8S4PPF13sLHN2RRpQuTpbB5N1SU="
        }
      }
    },
    "lodash": {
      "version": "4.17.4",
      "resolved": "https://npm.4pax.com/lodash/-/lodash-4.17.4.tgz",
      "integrity": "sha1-eCA6TRwyiuHYbcpkYONptX9AVa4="
    },
    "lodash.isempty": {
      "version": "4.4.0",
      "resolved": "https://registry.npmjs.org/lodash.isempty/-/lodash.isempty-4.4.0.tgz",
      "integrity": "sha512-oKMuF3xEeqDltrGMfDxAPGIVMSSRv8tbRSODbrs4KGsRRLEhrW8N8Rd4DRgB2+621hY8A8XwwrTVhXWpxFvMzg=="
    },
    "mime-db": {
      "version": "1.27.0",
      "resolved": "https://registry.npmjs.org/mime-db/-/mime-db-1.27.0.tgz",
      "integrity": "sha1-gg9XIpa70g7CXtVeW13oaeVDbrE="
    },
    "mime-types": {
      "version": "2.1.15",
      "resolved": "https://registry.npmjs.org/mime-types/-/mime-types-2.1.15.tgz",
      "integrity": "sha1-pOv1BkCUVpI3uM9wBGd20J/JKu0=",
      "requires": {
        "mime-db": "~1.27.0"
      }
    },
    "minimist": {
      "version": "1.2.0",
      "resolved": "https://registry.npmjs.org/minimist/-/minimist-1.2.0.tgz",
      "integrity": "sha1-o1AIsg9BOD7sH7kU9M1d95omQoQ="
    },
    "ms": {
      "version": "0.7.2",
      "resolved": "https://registry.npmjs.org/ms/-/ms-0.7.2.tgz",
      "integrity": "sha1-riXPJRKziFodldfwN4aNhDESR2U="
    },
    "nano": {
      "version": "6.4.4",
      "resolved": "https://registry.npmjs.org/nano/-/nano-6.4.4.tgz",
      "integrity": "sha512-7sldMrZI1ZH8QE29PnzohxLfR67WNVzMKLa7EMl3x9Hr+0G+YpOUCq50qZ9G66APrjcb0Of2BTOZLNBCutZGag==",
      "requires": {
        "cloudant-follow": "~0.17.0",
        "debug": "^2.2.0",
        "errs": "^0.3.2",
        "lodash.isempty": "^4.4.0",
        "request": "^2.85.0"
      },
      "dependencies": {
        "ajv": {
          "version": "6.12.6",
          "resolved": "https://registry.npmjs.org/ajv/-/ajv-6.12.6.tgz",
          "integrity": "sha512-j3fVLgvTo527anyYyJOGTYJbG+vnnQYvE0m5mmkc1TK+nxAppkCLMIL0aZ4dblVCNoGShhm+kzE4ZUykBoMg4g==",
          "requires": {
            "fast-deep-equal": "^3.1.1",
            "fast-json-stable-stringify": "^2.0.0",
            "json-schema-traverse": "^0.4.1",
            "uri-js": "^4.2.2"
          }
        },
        "assert-plus": {
          "version": "1.0.0",
          "resolved": "https://registry.npmjs.org/assert-plus/-/assert-plus-1.0.0.tgz",
          "integrity": "sha512-NfJ4UzBCcQGLDlQq7nHxH+tv3kyZ0hHQqF5BO6J7tNJeP5do1llPr8dZ8zHonfhAu0PHAdMkSo+8o0wxg9lZWw=="
        },
        "aws-sign2": {
          "version": "0.7.0",
          "resolved": "https://registry.npmjs.org/aws-sign2/-/aws-sign2-0.7.0.tgz",
          "integrity": "sha512-08kcGqnYf/YmjoRhfxyu+CLxBjUtHLXLXX/vUfx9l2LYzG3c1m61nrpyFUZI6zeS+Li/wWMMidD9KgrqtGq3mA=="
        },
        "aws4": {
          "version": "1.11.0",
          "resolved": "https://registry.npmjs.org/aws4/-/aws4-1.11.0.tgz",
          "integrity": "sha512-xh1Rl34h6Fi1DC2WWKfxUTVqRsNnr6LsKz2+hfwDxQJWmrx8+c7ylaqBMcHfl1U1r2dsifOvKX3LQuLNZ+XSvA=="
        },
        "combined-stream": {
          "version": "1.0.8",
          "resolved": "https://registry.npmjs.org/combined-stream/-/combined-stream-1.0.8.tgz",
          "integrity": "sha512-FQN4MRfuJeHf7cBbBMJFXhKSDq+2kAArBlmRBvcvFE5BB1HZKXtSFASDhdlz9zOYwxh8lDdnvmMOe/+5cdoEdg==",
          "requires": {
            "delayed-stream": "~1.0.0"
          }
        },
        "extend": {
          "version": "3.0.2",
          "resolved": "https://registry.npmjs.org/extend/-/extend-3.0.2.tgz",
          "integrity": "sha512-fjquC59cD7CyW6urNXK0FBufkZcoiGG80wTuPujX590cB5Ttln20E2UB4S/WARVqhXffZl2LNgS+gQdPIIim/g=="
        },
        "form-data": {
          "version": "2.3.3",
          "resolved": "https://registry.npmjs.org/form-data/-/form-data-2.3.3.tgz",
          "integrity": "sha512-1lLKB2Mu3aGP1Q/2eCOx0fNbRMe7XdwktwOruhfqqd0rIJWwN4Dh+E3hrPSlDCXnSR7UtZ1N38rVXm+6+MEhJQ==",
          "requires": {
            "asynckit": "^0.4.0",
            "combined-stream": "^1.0.6",
            "mime-types": "^2.1.12"
          }
        },
        "har-schema": {
          "version": "2.0.0",
          "resolved": "https://registry.npmjs.org/har-schema/-/har-schema-2.0.0.tgz",
          "integrity": "sha512-Oqluz6zhGX8cyRaTQlFMPw80bSJVG2x/cFb8ZPhUILGgHka9SsokCCOQgpveePerqidZOrT14ipqfJb7ILcW5Q=="
        },
        "har-validator": {
          "version": "5.1.5",
          "resolved": "https://registry.npmjs.org/har-validator/-/har-validator-5.1.5.tgz",
          "integrity": "sha512-nmT2T0lljbxdQZfspsno9hgrG3Uir6Ks5afism62poxqBM6sDnMEuPmzTq8XN0OEwqKLLdh1jQI3qyE66Nzb3w==",
          "requires": {
            "ajv": "^6.12.3",
            "har-schema": "^2.0.0"
          }
        },
        "http-signature": {
          "version": "1.2.0",
          "resolved": "https://registry.npmjs.org/http-signature/-/http-signature-1.2.0.tgz",
          "integrity": "sha512-CAbnr6Rz4CYQkLYUtSNXxQPUH2gK8f3iWexVlsnMeD+GjlsQ0Xsy1cOX+mN3dtxYomRy21CiOzU8Uhw6OwncEQ==",
          "requires": {
            "assert-plus": "^1.0.0",
            "jsprim": "^1.2.2",
            "sshpk": "^1.7.0"
          }
        },
        "mime-db": {
          "version": "1.52.0",
          "resolved": "https://registry.npmjs.org/mime-db/-/mime-db-1.52.0.tgz",
          "integrity": "sha512-sPU4uV7dYlvtWJxwwxHD0PuihVNiE7TyAbQ5SWxDCB9mUYvOgroQOwYQQOKPJ8CIbE+1ETVlOoK1UC2nU3gYvg=="
        },
        "mime-types": {
          "version": "2.1.35",
          "resolved": "https://registry.npmjs.org/mime-types/-/mime-types-2.1.35.tgz",
          "integrity": "sha512-ZDY+bPm5zTTF+YpCrAU9nK0UgICYPT0QtT1NZWFv4s++TNkcgVaT0g6+4R2uI4MjQjzysHB1zxuWL50hzaeXiw==",
          "requires": {
            "mime-db": "1.52.0"
          }
        },
        "oauth-sign": {
          "version": "0.9.0",
          "resolved": "https://registry.npmjs.org/oauth-sign/-/oauth-sign-0.9.0.tgz",
          "integrity": "sha512-fexhUFFPTGV8ybAtSIGbV6gOkSv8UtRbDBnAyLQw4QPKkgNlsH2ByPGtMUqdWkos6YCRmAqViwgZrJc/mRDzZQ=="
        },
        "performance-now": {
          "version": "2.1.0",
          "resolved": "https://registry.npmjs.org/performance-now/-/performance-now-2.1.0.tgz",
          "integrity": "sha512-7EAHlyLHI56VEIdK57uwHdHKIaAGbnXPiw0yWbarQZOKaKpvUIgW0jWRVLiatnM+XXlSwsanIBH/hzGMJulMow=="
        },
        "punycode": {
          "version": "2.1.1",
          "resolved": "https://registry.npmjs.org/punycode/-/punycode-2.1.1.tgz",
          "integrity": "sha512-XRsRjdf+j5ml+y/6GKHPZbrF/8p2Yga0JPtdqTIY2Xe5ohJPD9saDJJLPvp9+NSBprVvevdXZybnj2cv8OEd0A=="
        },
        "qs": {
          "version": "6.5.3",
          "resolved": "https://registry.npmjs.org/qs/-/qs-6.5.3.tgz",
          "integrity": "sha512-qxXIEh4pCGfHICj1mAJQ2/2XVZkjCDTcEgfoSQxc/fYivUZxTkk7L3bDBJSoNrEzXI17oUO5Dp07ktqE5KzczA=="
        },
        "request": {
          "version": "2.88.2",
          "resolved": "https://registry.npmjs.org/request/-/request-2.88.2.tgz",
          "integrity": "sha512-MsvtOrfG9ZcrOwAW+Qi+F6HbD0CWXEh9ou77uOb7FM2WPhwT7smM833PzanhJLsgXjN89Ir6V2PczXNnMpwKhw==",
          "requires": {
            "aws-sign2": "~0.7.0",
            "aws4": "^1.8.0",
            "caseless": "~0.12.0",
            "combined-stream": "~1.0.6",
            "extend": "~3.0.2",
            "forever-agent": "~0.6.1",
            "form-data": "~2.3.2",
            "har-validator": "~5.1.3",
            "http-signature": "~1.2.0",
            "is-typedarray": "~1.0.0",
            "isstream": "~0.1.2",
            "json-stringify-safe": "~5.0.1",
            "mime-types": "~2.1.19",
            "oauth-sign": "~0.9.0",
            "performance-now": "^2.1.0",
            "qs": "~6.5.2",
            "safe-buffer": "^5.1.2",
            "tough-cookie": "~2.5.0",
            "tunnel-agent": "^0.6.0",
            "uuid": "^3.3.2"
          }
        },
        "safe-buffer": {
          "version": "5.2.1",
          "resolved": "https://registry.npmjs.org/safe-buffer/-/safe-buffer-5.2.1.tgz",
          "integrity": "sha512-rp3So07KcdmmKbGvgaNxQSJr7bGVSVk5S9Eq1F+ppbRo70+YeaDxkw5Dd8NPN+GD6bjnYm2VuPuCXmpuYvmCXQ=="
        },
        "tough-cookie": {
          "version": "2.5.0",
          "resolved": "https://registry.npmjs.org/tough-cookie/-/tough-cookie-2.5.0.tgz",
          "integrity": "sha512-nlLsUzgm1kfLXSXfRZMc1KLAugd4hqJHDTvc2hDIwS3mZAfMEuMbc03SujMF+GEcpaX/qboeycw6iO8JwVv2+g==",
          "requires": {
            "psl": "^1.1.28",
            "punycode": "^2.1.1"
          }
        }
      }
    },
    "nested-error-stacks": {
      "version": "2.0.1",
      "resolved": "https://registry.npmjs.org/nested-error-stacks/-/nested-error-stacks-2.0.1.tgz",
      "integrity": "sha512-SrQrok4CATudVzBS7coSz26QRSmlK9TzzoFbeKfcPBUFPjcQM9Rqvr/DlJkOrwI/0KcgvMub1n1g5Jt9EgRn4A=="
    },
    "oauth-sign": {
      "version": "0.8.2",
      "resolved": "https://registry.npmjs.org/oauth-sign/-/oauth-sign-0.8.2.tgz",
      "integrity": "sha1-Rqarfwrq2N6unsBWV4C31O/rnUM="
    },
    "optimist": {
      "version": "0.6.1",
      "resolved": "https://npm.4pax.com/optimist/-/optimist-0.6.1.tgz",
      "integrity": "sha1-2j6nRob6IaGaERwybpDrFaAZZoY=",
      "requires": {
        "minimist": "~0.0.1",
        "wordwrap": "~0.0.2"
      },
      "dependencies": {
        "minimist": {
          "version": "0.0.10",
          "resolved": "https://npm.4pax.com/minimist/-/minimist-0.0.10.tgz",
          "integrity": "sha1-3j+YVD2/lggr5IrRoMfNqDYwHc8="
        },
        "wordwrap": {
          "version": "0.0.3",
          "resolved": "https://registry.npmjs.org/wordwrap/-/wordwrap-0.0.3.tgz",
          "integrity": "sha1-o9XabNXAvAAI03I0u68b7WMFkQc="
        }
      }
    },
    "path-parse": {
      "version": "1.0.5",
      "resolved": "https://registry.npmjs.org/path-parse/-/path-parse-1.0.5.tgz",
      "integrity": "sha1-PBrfhx6pzWyUMbbqK9dKD/BVxME="
    },
    "performance-now": {
      "version": "0.2.0",
      "resolved": "https://registry.npmjs.org/performance-now/-/performance-now-0.2.0.tgz",
      "integrity": "sha1-M+8wxcd9TqIcWlOGnZG1bY8lVeU="
    },
    "potem": {
      "version": "3.0.2",
      "resolved": "https://npm.4pax.com/potem/-/potem-3.0.2.tgz",
      "integrity": "sha1-rKokbNmsTtcwQoQzZx/melnEIFY="
    },
    "psl": {
      "version": "1.9.0",
      "resolved": "https://registry.npmjs.org/psl/-/psl-1.9.0.tgz",
      "integrity": "sha512-E/ZsdU4HLs/68gYzgGTkMicWTLPdAftJLfJFlLUAAKZGkStNU72sZjT66SnMDVOfOWY/YAoiD7Jxa9iHvngcag=="
    },
    "punycode": {
      "version": "1.4.1",
      "resolved": "https://npm.4pax.com/punycode/-/punycode-1.4.1.tgz",
      "integrity": "sha1-wNWmOycYgArY4esPpSachN1BhF4="
    },
    "qs": {
      "version": "6.4.1",
      "resolved": "https://registry.npmjs.org/qs/-/qs-6.4.1.tgz",
      "integrity": "sha512-LQy1Q1fcva/UsnP/6Iaa4lVeM49WiOitu2T4hZCyA/elLKu37L99qcBJk4VCCk+rdLvnMzfKyiN3SZTqdAZGSQ=="
    },
    "rc": {
      "version": "1.2.8",
      "resolved": "https://registry.npmjs.org/rc/-/rc-1.2.8.tgz",
      "integrity": "sha512-y3bGgqKj3QBdxLbLkomlohkvsA8gdAiUQlSBJnBhfn+BPxg4bc62d8TcBW15wavDfgexCgccckhcZvywyQYPOw==",
      "requires": {
        "deep-extend": "^0.6.0",
        "ini": "~1.3.0",
        "minimist": "^1.2.0",
        "strip-json-comments": "~2.0.1"
      }
    },
    "request": {
      "version": "2.81.0",
      "resolved": "https://registry.npmjs.org/request/-/request-2.81.0.tgz",
      "integrity": "sha1-xpKJRqDgbF+Nb4qTM0af/aRimKA=",
      "requires": {
        "aws-sign2": "~0.6.0",
        "aws4": "^1.2.1",
        "caseless": "~0.12.0",
        "combined-stream": "~1.0.5",
        "extend": "~3.0.0",
        "forever-agent": "~0.6.1",
        "form-data": "~2.1.1",
        "har-validator": "~4.2.1",
        "hawk": "~3.1.3",
        "http-signature": "~1.1.0",
        "is-typedarray": "~1.0.0",
        "isstream": "~0.1.2",
        "json-stringify-safe": "~5.0.1",
        "mime-types": "~2.1.7",
        "oauth-sign": "~0.8.1",
        "performance-now": "^0.2.0",
        "qs": "~6.4.0",
        "safe-buffer": "^5.0.1",
        "stringstream": "~0.0.4",
        "tough-cookie": "~2.3.0",
        "tunnel-agent": "^0.6.0",
        "uuid": "^3.0.0"
      }
    },
    "request-promise": {
      "version": "4.2.0",
      "resolved": "https://registry.npmjs.org/request-promise/-/request-promise-4.2.0.tgz",
      "integrity": "sha1-aE93dI1rRhe+5qTvRGmQbm0HRyA=",
      "requires": {
        "bluebird": "^3.5.0",
        "request-promise-core": "1.1.1",
        "stealthy-require": "^1.0.0"
      }
    },
    "request-promise-core": {
      "version": "1.1.1",
      "resolved": "https://registry.npmjs.org/request-promise-core/-/request-promise-core-1.1.1.tgz",
      "integrity": "sha1-Pu4AssWqgyOc+wTFcA2jb4HNCLY=",
      "requires": {
        "lodash": "^4.13.1"
      }
    },
    "requireg": {
      "version": "0.1.8",
      "resolved": "https://registry.npmjs.org/requireg/-/requireg-0.1.8.tgz",
      "integrity": "sha512-qjbwnviLXg4oZiAFEr1ExbevkUPaEiP1uPGSoFCVgCCcbo4PXv9SmiJpXNYmgTBCZ8fY1Jy+sk7F9/kPNepeDw==",
      "requires": {
        "nested-error-stacks": "~2.0.1",
        "rc": "~1.2.7",
        "resolve": "~1.7.1"
      },
      "dependencies": {
        "resolve": {
          "version": "1.7.1",
          "resolved": "https://registry.npmjs.org/resolve/-/resolve-1.7.1.tgz",
          "integrity": "sha512-c7rwLofp8g1U+h1KNyHL/jicrKg1Ek4q+Lr33AL65uZTinUZHe30D5HlyN5V9NW0JX1D5dXQ4jqW5l7Sy/kGfw==",
          "requires": {
            "path-parse": "^1.0.5"
          }
        }
      }
    },
    "safe-buffer": {
      "version": "5.0.1",
      "resolved": "https://registry.npmjs.org/safe-buffer/-/safe-buffer-5.0.1.tgz",
      "integrity": "sha1-0mPKVGls2KMGtcplUekt5XkY++c="
    },
    "sntp": {
      "version": "1.0.9",
      "resolved": "https://registry.npmjs.org/sntp/-/sntp-1.0.9.tgz",
      "integrity": "sha1-ZUEYTMkK7qbG57NeJlkIJEPGYZg=",
      "requires": {
        "hoek": "2.x.x"
      }
    },
    "sshpk": {
      "version": "1.11.0",
      "resolved": "https://registry.npmjs.org/sshpk/-/sshpk-1.11.0.tgz",
      "integrity": "sha1-LY1eu0pvqyj/ujf6YqkPSj6lnXc=",
      "requires": {
        "asn1": "~0.2.3",
        "assert-plus": "^1.0.0",
        "bcrypt-pbkdf": "^1.0.0",
        "dashdash": "^1.12.0",
        "ecc-jsbn": "~0.1.1",
        "getpass": "^0.1.1",
        "jodid25519": "^1.0.0",
        "jsbn": "~0.1.0",
        "tweetnacl": "~0.14.0"
      },
      "dependencies": {
        "assert-plus": {
          "version": "1.0.0",
          "resolved": "https://registry.npmjs.org/assert-plus/-/assert-plus-1.0.0.tgz",
          "integrity": "sha1-8S4PPF13sLHN2RRpQuTpbB5N1SU="
        }
      }
    },
    "stealthy-require": {
      "version": "1.0.0",
      "resolved": "https://registry.npmjs.org/stealthy-require/-/stealthy-require-1.0.0.tgz",
      "integrity": "sha1-Go7Y/BmotWJo929aGj44MrDCYgA="
    },
    "stringstream": {
      "version": "0.0.5",
      "resolved": "https://registry.npmjs.org/stringstream/-/stringstream-0.0.5.tgz",
      "integrity": "sha1-TkhM1N5aC7vuGORjB3EKioFiGHg="
    },
    "strip-json-comments": {
      "version": "2.0.1",
      "resolved": "https://registry.npmjs.org/strip-json-comments/-/strip-json-comments-2.0.1.tgz",
      "integrity": "sha1-PFMZQukIwml8DsNEhYwobHygpgo="
    },
    "tough-cookie": {
      "version": "2.3.2",
      "resolved": "https://registry.npmjs.org/tough-cookie/-/tough-cookie-2.3.2.tgz",
      "integrity": "sha1-8IH3bkyFcg5sN6X6ztc3FQ2EByo=",
      "requires": {
        "punycode": "^1.4.1"
      }
    },
    "tunnel-agent": {
      "version": "0.6.0",
      "resolved": "https://registry.npmjs.org/tunnel-agent/-/tunnel-agent-0.6.0.tgz",
      "integrity": "sha1-J6XeoGs2sEoKmWZ3SykIaPD8QP0=",
      "requires": {
        "safe-buffer": "^5.0.1"
      }
    },
    "tweetnacl": {
      "version": "0.14.5",
      "resolved": "https://npm.4pax.com/tweetnacl/-/tweetnacl-0.14.5.tgz",
      "integrity": "sha1-WuaBd/GS1EViadEIr6k/+HQ/T2Q=",
      "optional": true
    },
    "underscore": {
      "version": "1.8.3",
      "resolved": "https://registry.npmjs.org/underscore/-/underscore-1.8.3.tgz",
      "integrity": "sha1-Tz+1OxBuYJf8+ctBCfKl6b36UCI="
    },
    "uri-js": {
      "version": "4.4.1",
      "resolved": "https://registry.npmjs.org/uri-js/-/uri-js-4.4.1.tgz",
      "integrity": "sha512-7rKUyy33Q1yc98pQ1DAmLtwX109F7TIfWlW1Ydo8Wl1ii1SeHieeh0HHfPeL2fMXK6z0s8ecKs9frCuLJvndBg==",
      "requires": {
        "punycode": "^2.1.0"
      },
      "dependencies": {
        "punycode": {
          "version": "2.1.1",
          "resolved": "https://registry.npmjs.org/punycode/-/punycode-2.1.1.tgz",
          "integrity": "sha512-XRsRjdf+j5ml+y/6GKHPZbrF/8p2Yga0JPtdqTIY2Xe5ohJPD9saDJJLPvp9+NSBprVvevdXZybnj2cv8OEd0A=="
        }
      }
    },
    "uuid": {
      "version": "3.3.2",
      "resolved": "https://registry.npmjs.org/uuid/-/uuid-3.3.2.tgz",
      "integrity": "sha512-yXJmeNaw3DnnKAOKJE51sL/ZaYfWJRl1pK9dr19YFCu0ObS231AB1/LbqTKRAQ5kw8A90rA6fr4riOUpTZvQZA=="
    },
    "verror": {
      "version": "1.3.6",
      "resolved": "https://registry.npmjs.org/verror/-/verror-1.3.6.tgz",
      "integrity": "sha1-z/XfEpRtKX0rqu+qJoniW+AcAFw=",
      "requires": {
        "extsprintf": "1.0.2"
      }
    }
  }
}
